{
  "nodes": {
    "flake-utils": {
      "inputs": {
        "systems": "systems"
      },
      "locked": {
        "lastModified": 1710146030,
        "narHash": "sha256-SZ5L6eA7HJ/nmkzGG7/ISclqe6oZdOZTNoesiInkXPQ=",
        "owner": "numtide",
        "repo": "flake-utils",
        "rev": "b1d9ab70662946ef0850d488da1c9019f3a9752a",
        "type": "github"
      },
      "original": {
        "owner": "numtide",
        "repo": "flake-utils",
        "type": "github"
      }
    },
    "gomod2nix": {
      "inputs": {
        "flake-utils": [
          "flake-utils"
        ],
        "nixpkgs": [
          "nixpkgs"
        ]
      },
      "locked": {
        "lastModified": 1722589758,
        "narHash": "sha256-sbbA8b6Q2vB/t/r1znHawoXLysCyD4L/6n6/RykiSnA=",
        "owner": "nix-community",
        "repo": "gomod2nix",
        "rev": "4e08ca09253ef996bd4c03afa383b23e35fe28a1",
        "type": "github"
      },
      "original": {
        "owner": "nix-community",
        "repo": "gomod2nix",
        "type": "github"
      }
    },
    "nixos-shell": {
      "inputs": {
        "nixpkgs": [
          "nixpkgs"
        ]
      },
      "locked": {
        "lastModified": 1723616342,
        "narHash": "sha256-plRKXQqww7easx0wgGKAkOJH1TW/PeeB20dq9XUN8J4=",
        "owner": "Mic92",
        "repo": "nixos-shell",
        "rev": "93e314cdd16d4c3e3baf25b54734461c45a5d1ad",
        "type": "github"
      },
      "original": {
        "owner": "Mic92",
        "repo": "nixos-shell",
        "type": "github"
      }
    },
    "nixpkgs": {
      "locked": {
        "lastModified": 1729665710,
        "narHash": "sha256-AlcmCXJZPIlO5dmFzV3V2XF6x/OpNWUV8Y/FMPGd8Z4=",
        "owner": "nixos",
        "repo": "nixpkgs",
        "rev": "2768c7d042a37de65bb1b5b3268fc987e534c49d",
        "type": "github"
      },
      "original": {
        "owner": "nixos",
        "ref": "nixos-unstable",
        "repo": "nixpkgs",
        "type": "github"
      }
    },
    "oapi-codegen": {
      "flake": false,
      "locked": {
        "lastModified": 1723455893,
        "narHash": "sha256-QpCumNSkR9bG0nhVN57nTXqocpgTSUll7gJu9BuH9II=",
        "owner": "diamondburned",
        "repo": "oapi-codegen",
        "rev": "c3b1648c7a8c59a1fb8ffd729098e05d7f3fc49c",
        "type": "github"
      },
      "original": {
        "owner": "diamondburned",
        "ref": "migrate-to-libopenapi-ordered-fix",
        "repo": "oapi-codegen",
        "type": "github"
      }
    },
    "root": {
      "inputs": {
        "flake-utils": "flake-utils",
        "gomod2nix": "gomod2nix",
        "nixos-shell": "nixos-shell",
        "nixpkgs": "nixpkgs",
        "oapi-codegen": "oapi-codegen",
        "yaml-language-server": "yaml-language-server"
      }
    },
    "systems": {
      "locked": {
        "lastModified": 1681028828,
        "narHash": "sha256-Vy1rq5AaRuLzOxct8nz4T6wlgyUR7zLU309k9mBC768=",
        "owner": "nix-systems",
        "repo": "default",
        "rev": "da67096a3b9bf56a91d16901293e51ba5b49a27e",
        "type": "github"
      },
      "original": {
        "owner": "nix-systems",
        "repo": "default",
        "type": "github"
      }
    },
    "yaml-language-server": {
      "flake": false,
      "locked": {
        "lastModified": 1710758207,
        "narHash": "sha256-IcaNN5NBwOSHoSwqVYZYj9GYqerDF3rO+u4YzDtwt9I=",
        "owner": "okybr",
        "repo": "yaml-language-server",
        "rev": "04bb7d7c835ef61df59a23960c2f07d2b6d66e85",
        "type": "github"
      },
      "original": {
        "owner": "okybr",
        "repo": "yaml-language-server",
        "type": "github"
      }
    }
  },
  "root": "root",
  "version": 7
}
